
Microsoft Visual Studio Solution File, Format Version 12.00
# Visual Studio 15
VisualStudioVersion = 15.0.28307.1022
MinimumVisualStudioVersion = 10.0.40219.1
Project("{FAE04EC0-301F-11D3-BF4B-00C04F79EFBC}") = "WF_Modbus", "WF_Modbus\WF_Modbus.csproj", "{28250DFE-D208-49BB-9B45-8554D35AE1C6}"
EndProject
Global
	GlobalSection(SolutionConfigurationPlatforms) = preSolution
		Debug|Any CPU = Debug|Any CPU
		Release|Any CPU = Release|Any CPU
	EndGlobalSection
	GlobalSection(ProjectConfigurationPlatforms) = postSolution
		{28250DFE-D208-49BB-9B45-8554D35AE1C6}.Debug|Any CPU.ActiveCfg = Debug|Any CPU
		{28250DFE-D208-49BB-9B45-8554D35AE1C6}.Debug|Any CPU.Build.0 = Debug|Any CPU
		{28250DFE-D208-49BB-9B45-8554D35AE1C6}.Release|Any CPU.ActiveCfg = Release|Any CPU
		{28250DFE-D208-49BB-9B45-8554D35AE1C6}.Release|Any CPU.Build.0 = Release|Any CPU
	EndGlobalSection
	GlobalSection(SolutionProperties) = preSolution
		HideSolutionNode = FALSE
	EndGlobalSection
	GlobalSection(ExtensibilityGlobals) = postSolution
		SolutionGuid = {6C0608F6-65A1-4965-9D61-1AB09BEF7A4D}
	EndGlobalSection
EndGlobal
